
Microsoft Visual Studio Solution File, Format Version 12.00
# Visual Studio Version 17
VisualStudioVersion = 17.9.34723.18
MinimumVisualStudioVersion = 10.0.40219.1
Project("{FAE04EC0-301F-11D3-BF4B-00C04F79EFBC}") = "RGB michatko", "RGB michatko\RGB michatko.csproj", "{EB62284F-B231-4B8F-9FE2-AAAFA433DDDC}"
EndProject
Global
	GlobalSection(SolutionConfigurationPlatforms) = preSolution
		Debug|Any CPU = Debug|Any CPU
		Release|Any CPU = Release|Any CPU
	EndGlobalSection
	GlobalSection(ProjectConfigurationPlatforms) = postSolution
		{EB62284F-B231-4B8F-9FE2-AAAFA433DDDC}.Debug|Any CPU.ActiveCfg = Debug|Any CPU
		{EB62284F-B231-4B8F-9FE2-AAAFA433DDDC}.Debug|Any CPU.Build.0 = Debug|Any CPU
		{EB62284F-B231-4B8F-9FE2-AAAFA433DDDC}.Release|Any CPU.ActiveCfg = Release|Any CPU
		{EB62284F-B231-4B8F-9FE2-AAAFA433DDDC}.Release|Any CPU.Build.0 = Release|Any CPU
	EndGlobalSection
	GlobalSection(SolutionProperties) = preSolution
		HideSolutionNode = FALSE
	EndGlobalSection
	GlobalSection(ExtensibilityGlobals) = postSolution
		SolutionGuid = {5BB907E1-5FF4-4C1C-8C51-4089AE1905E8}
	EndGlobalSection
EndGlobal
